
Microsoft Visual Studio Solution File, Format Version 12.00
# Visual Studio Version 17
VisualStudioVersion = 17.4.33122.133
MinimumVisualStudioVersion = 10.0.40219.1
Project("{FAE04EC0-301F-11D3-BF4B-00C04F79EFBC}") = "LibreriaHerencia", "LibreriaHerencia\LibreriaHerencia.csproj", "{D3F3156A-E9D9-4A13-BD4B-5C45BF1AA6B2}"
EndProject
Global
	GlobalSection(SolutionConfigurationPlatforms) = preSolution
		Debug|Any CPU = Debug|Any CPU
		Release|Any CPU = Release|Any CPU
	EndGlobalSection
	GlobalSection(ProjectConfigurationPlatforms) = postSolution
		{D3F3156A-E9D9-4A13-BD4B-5C45BF1AA6B2}.Debug|Any CPU.ActiveCfg = Debug|Any CPU
		{D3F3156A-E9D9-4A13-BD4B-5C45BF1AA6B2}.Debug|Any CPU.Build.0 = Debug|Any CPU
		{D3F3156A-E9D9-4A13-BD4B-5C45BF1AA6B2}.Release|Any CPU.ActiveCfg = Release|Any CPU
		{D3F3156A-E9D9-4A13-BD4B-5C45BF1AA6B2}.Release|Any CPU.Build.0 = Release|Any CPU
	EndGlobalSection
	GlobalSection(SolutionProperties) = preSolution
		HideSolutionNode = FALSE
	EndGlobalSection
	GlobalSection(ExtensibilityGlobals) = postSolution
		SolutionGuid = {7602B600-F2EC-4929-B18A-9FB6780BDCF3}
	EndGlobalSection
EndGlobal
